// !$*UTF8*$!
{
	archiveVersion = 1;
	classes = {
	};
	objectVersion = 56;
	objects = {

/* Begin PBXBuildFile section */
		1B7E4C9D2A6556B10012BEA0 /* TimeDrugsApp.swift in Sources */ = {isa = PBXBuildFile; fileRef = 1B7E4C9C2A6556B10012BEA0 /* TimeDrugsApp.swift */; };
		1B7E4C9F2A6556B10012BEA0 /* ContentView.swift in Sources */ = {isa = PBXBuildFile; fileRef = 1B7E4C9E2A6556B10012BEA0 /* ContentView.swift */; };
		1B7E4CA12A6556B20012BEA0 /* Assets.xcassets in Resources */ = {isa = PBXBuildFile; fileRef = 1B7E4CA02A6556B20012BEA0 /* Assets.xcassets */; };
		1B7E4CA42A6556B20012BEA0 /* Preview Assets.xcassets in Resources */ = {isa = PBXBuildFile; fileRef = 1B7E4CA32A6556B20012BEA0 /* Preview Assets.xcassets */; };
		1B7E4CAE2A6556B20012BEA0 /* TimeDrugsTests.swift in Sources */ = {isa = PBXBuildFile; fileRef = 1B7E4CAD2A6556B20012BEA0 /* TimeDrugsTests.swift */; };
		1B7E4CB82A6556B20012BEA0 /* TimeDrugsUITests.swift in Sources */ = {isa = PBXBuildFile; fileRef = 1B7E4CB72A6556B20012BEA0 /* TimeDrugsUITests.swift */; };
		1B7E4CBA2A6556B20012BEA0 /* TimeDrugsUITestsLaunchTests.swift in Sources */ = {isa = PBXBuildFile; fileRef = 1B7E4CB92A6556B20012BEA0 /* TimeDrugsUITestsLaunchTests.swift */; };
		1B7E4CCD2A657D970012BEA0 /* SubstancesHome.swift in Sources */ = {isa = PBXBuildFile; fileRef = 1B7E4CCC2A657D970012BEA0 /* SubstancesHome.swift */; };
		1B7E4CD72A6593800012BEA0 /* SwiftUICharts in Frameworks */ = {isa = PBXBuildFile; productRef = 1B7E4CD62A6593800012BEA0 /* SwiftUICharts */; };
		1B7E4CDE2A65CC820012BEA0 /* SlideOverCard in Frameworks */ = {isa = PBXBuildFile; productRef = 1B7E4CDD2A65CC820012BEA0 /* SlideOverCard */; };
		1B82AE8F2A6685EE00795CB4 /* SubstancesList.swift in Sources */ = {isa = PBXBuildFile; fileRef = 1B82AE8E2A6685EE00795CB4 /* SubstancesList.swift */; };
		1B868D1A2A67E35B00B0CD0A /* SubstanceInfo.swift in Sources */ = {isa = PBXBuildFile; fileRef = 1B868D192A67E35B00B0CD0A /* SubstanceInfo.swift */; };
		1B868D1C2A68263C00B0CD0A /* SubstanceQuery.graphql in Resources */ = {isa = PBXBuildFile; fileRef = 1B868D1B2A68263C00B0CD0A /* SubstanceQuery.graphql */; };
		1B868D402A6A82BC00B0CD0A /* SubstanceListQuery.graphql.swift in Sources */ = {isa = PBXBuildFile; fileRef = 1B868D2E2A6A82BC00B0CD0A /* SubstanceListQuery.graphql.swift */; };
		1B868D412A6A82BC00B0CD0A /* SingleSubstanceQuery.graphql.swift in Sources */ = {isa = PBXBuildFile; fileRef = 1B868D2F2A6A82BC00B0CD0A /* SingleSubstanceQuery.graphql.swift */; };
		1B868D422A6A82BC00B0CD0A /* SubstanceRoa.graphql.swift in Sources */ = {isa = PBXBuildFile; fileRef = 1B868D322A6A82BC00B0CD0A /* SubstanceRoa.graphql.swift */; };
		1B868D432A6A82BC00B0CD0A /* SubstanceRoaDose.graphql.swift in Sources */ = {isa = PBXBuildFile; fileRef = 1B868D332A6A82BC00B0CD0A /* SubstanceRoaDose.graphql.swift */; };
		1B868D442A6A82BC00B0CD0A /* Substance.graphql.swift in Sources */ = {isa = PBXBuildFile; fileRef = 1B868D342A6A82BC00B0CD0A /* Substance.graphql.swift */; };
		1B868D452A6A82BC00B0CD0A /* Effect.graphql.swift in Sources */ = {isa = PBXBuildFile; fileRef = 1B868D352A6A82BC00B0CD0A /* Effect.graphql.swift */; };
		1B868D462A6A82BC00B0CD0A /* SubstanceRoaDuration.graphql.swift in Sources */ = {isa = PBXBuildFile; fileRef = 1B868D362A6A82BC00B0CD0A /* SubstanceRoaDuration.graphql.swift */; };
		1B868D472A6A82BC00B0CD0A /* Query.graphql.swift in Sources */ = {isa = PBXBuildFile; fileRef = 1B868D372A6A82BC00B0CD0A /* Query.graphql.swift */; };
		1B868D482A6A82BC00B0CD0A /* SubstanceClass.graphql.swift in Sources */ = {isa = PBXBuildFile; fileRef = 1B868D382A6A82BC00B0CD0A /* SubstanceClass.graphql.swift */; };
		1B868D492A6A82BC00B0CD0A /* SubstanceRoaRange.graphql.swift in Sources */ = {isa = PBXBuildFile; fileRef = 1B868D392A6A82BC00B0CD0A /* SubstanceRoaRange.graphql.swift */; };
		1B868D4A2A6A82BC00B0CD0A /* SubstanceRoaDurationRange.graphql.swift in Sources */ = {isa = PBXBuildFile; fileRef = 1B868D3A2A6A82BC00B0CD0A /* SubstanceRoaDurationRange.graphql.swift */; };
		1B868D4B2A6A82BC00B0CD0A /* SchemaConfiguration.swift in Sources */ = {isa = PBXBuildFile; fileRef = 1B868D3B2A6A82BC00B0CD0A /* SchemaConfiguration.swift */; };
		1B868D4C2A6A82BC00B0CD0A /* SchemaMetadata.graphql.swift in Sources */ = {isa = PBXBuildFile; fileRef = 1B868D3C2A6A82BC00B0CD0A /* SchemaMetadata.graphql.swift */; };
		1B868D4D2A6A82BC00B0CD0A /* RoaRange.graphql.swift in Sources */ = {isa = PBXBuildFile; fileRef = 1B868D3E2A6A82BC00B0CD0A /* RoaRange.graphql.swift */; };
		1B868D4E2A6A82BC00B0CD0A /* SubstanceSchema.graphql.swift in Sources */ = {isa = PBXBuildFile; fileRef = 1B868D3F2A6A82BC00B0CD0A /* SubstanceSchema.graphql.swift */; };
		1BB66E952A669E13001FF7CF /* Apollo in Frameworks */ = {isa = PBXBuildFile; productRef = 1BB66E942A669E13001FF7CF /* Apollo */; };
		1BB66E9F2A66A4FD001FF7CF /* Network.swift in Sources */ = {isa = PBXBuildFile; fileRef = 1BB66E9E2A66A4FD001FF7CF /* Network.swift */; };
		1BB66EAA2A66AAD4001FF7CF /* apollo-codegen-config.json in Resources */ = {isa = PBXBuildFile; fileRef = 1BB66EA72A66AAD4001FF7CF /* apollo-codegen-config.json */; };
		1BB66EAB2A66AAD4001FF7CF /* apollo-ios-cli in Resources */ = {isa = PBXBuildFile; fileRef = 1BB66EA82A66AAD4001FF7CF /* apollo-ios-cli */; };
		1BB66EAE2A66AE6E001FF7CF /* SubstancesQuery.graphql in Resources */ = {isa = PBXBuildFile; fileRef = 1BB66EAD2A66AE6E001FF7CF /* SubstancesQuery.graphql */; };
		1BB66EC12A66D67B001FF7CF /* substances.json in Resources */ = {isa = PBXBuildFile; fileRef = 1BB66EC02A66D67B001FF7CF /* substances.json */; };
		1BB66EC42A66DB8A001FF7CF /* JsonSubstance.swift in Sources */ = {isa = PBXBuildFile; fileRef = 1BB66EC32A66DB8A001FF7CF /* JsonSubstance.swift */; };
		1BB66EF72A66FB1F001FF7CF /* SubstanceTimingGraph.swift in Sources */ = {isa = PBXBuildFile; fileRef = 1BB66EF62A66FB1F001FF7CF /* SubstanceTimingGraph.swift */; };
		1BB66F0D2A66FE7B001FF7CF /* EverythingForOneRating.swift in Sources */ = {isa = PBXBuildFile; fileRef = 1BB66EF92A66FE7B001FF7CF /* EverythingForOneRating.swift */; };
		1BB66F0E2A66FE7B001FF7CF /* IngestionDrawable.swift in Sources */ = {isa = PBXBuildFile; fileRef = 1BB66EFA2A66FE7B001FF7CF /* IngestionDrawable.swift */; };
		1BB66F0F2A66FE7B001FF7CF /* TimelineModel.swift in Sources */ = {isa = PBXBuildFile; fileRef = 1BB66EFB2A66FE7B001FF7CF /* TimelineModel.swift */; };
		1BB66F102A66FE7B001FF7CF /* NoTimeline.swift in Sources */ = {isa = PBXBuildFile; fileRef = 1BB66EFD2A66FE7B001FF7CF /* NoTimeline.swift */; };
		1BB66F112A66FE7B001FF7CF /* OnsetComeupTotalTimeline.swift in Sources */ = {isa = PBXBuildFile; fileRef = 1BB66EFE2A66FE7B001FF7CF /* OnsetComeupTotalTimeline.swift */; };
		1BB66F122A66FE7B001FF7CF /* StrokeStyle-Timeline.swift in Sources */ = {isa = PBXBuildFile; fileRef = 1BB66EFF2A66FE7B001FF7CF /* StrokeStyle-Timeline.swift */; };
		1BB66F132A66FE7B001FF7CF /* OnsetComeupTimeline.swift in Sources */ = {isa = PBXBuildFile; fileRef = 1BB66F002A66FE7B001FF7CF /* OnsetComeupTimeline.swift */; };
		1BB66F142A66FE7B001FF7CF /* TimelineDrawable.swift in Sources */ = {isa = PBXBuildFile; fileRef = 1BB66F012A66FE7B001FF7CF /* TimelineDrawable.swift */; };
		1BB66F152A66FE7B001FF7CF /* FullTimeline.swift in Sources */ = {isa = PBXBuildFile; fileRef = 1BB66F022A66FE7B001FF7CF /* FullTimeline.swift */; };
		1BB66F162A66FE7B001FF7CF /* GraphicsContext-DrawDot.swift in Sources */ = {isa = PBXBuildFile; fileRef = 1BB66F032A66FE7B001FF7CF /* GraphicsContext-DrawDot.swift */; };
		1BB66F172A66FE7B001FF7CF /* TotalTimeline.swift in Sources */ = {isa = PBXBuildFile; fileRef = 1BB66F042A66FE7B001FF7CF /* TotalTimeline.swift */; };
		1BB66F182A66FE7B001FF7CF /* OnsetComeupPeakTotalTimeline.swift in Sources */ = {isa = PBXBuildFile; fileRef = 1BB66F052A66FE7B001FF7CF /* OnsetComeupPeakTotalTimeline.swift */; };
		1BB66F192A66FE7B001FF7CF /* OnsetTotalTimeline.swift in Sources */ = {isa = PBXBuildFile; fileRef = 1BB66F062A66FE7B001FF7CF /* OnsetTotalTimeline.swift */; };
		1BB66F1A2A66FE7B001FF7CF /* OnsetComeupPeakTimeline.swift in Sources */ = {isa = PBXBuildFile; fileRef = 1BB66F072A66FE7B001FF7CF /* OnsetComeupPeakTimeline.swift */; };
		1BB66F1B2A66FE7B001FF7CF /* OnsetTimeline.swift in Sources */ = {isa = PBXBuildFile; fileRef = 1BB66F082A66FE7B001FF7CF /* OnsetTimeline.swift */; };
		1BB66F1E2A66FE7B001FF7CF /* EffectTimeline.swift in Sources */ = {isa = PBXBuildFile; fileRef = 1BB66F0B2A66FE7B001FF7CF /* EffectTimeline.swift */; };
		1BB66F1F2A66FE7B001FF7CF /* AxisDrawable.swift in Sources */ = {isa = PBXBuildFile; fileRef = 1BB66F0C2A66FE7B001FF7CF /* AxisDrawable.swift */; };
		1BB66F2C2A66FED0001FF7CF /* RoaRange.swift in Sources */ = {isa = PBXBuildFile; fileRef = 1BB66F212A66FED0001FF7CF /* RoaRange.swift */; };
		1BB66F312A66FED0001FF7CF /* RoaDuration.swift in Sources */ = {isa = PBXBuildFile; fileRef = 1BB66F262A66FED0001FF7CF /* RoaDuration.swift */; };
		1BB66F322A66FED0001FF7CF /* DurationRange.swift in Sources */ = {isa = PBXBuildFile; fileRef = 1BB66F272A66FED0001FF7CF /* DurationRange.swift */; };
		1BB66FB62A6700F3001FF7CF /* SubstanceColor.swift in Sources */ = {isa = PBXBuildFile; fileRef = 1BB66FB52A6700F3001FF7CF /* SubstanceColor.swift */; };
		1BB66FB82A67012B001FF7CF /* ShulginRatingOption.swift in Sources */ = {isa = PBXBuildFile; fileRef = 1BB66FB72A67012B001FF7CF /* ShulginRatingOption.swift */; };
		1BB66FBE2A670145001FF7CF /* UnitPickerOptions.swift in Sources */ = {isa = PBXBuildFile; fileRef = 1BB66FBA2A670145001FF7CF /* UnitPickerOptions.swift */; };
		1BB66FBF2A670145001FF7CF /* InteractionType.swift in Sources */ = {isa = PBXBuildFile; fileRef = 1BB66FBB2A670145001FF7CF /* InteractionType.swift */; };
		1BB66FC02A670145001FF7CF /* AdministrationRoute.swift in Sources */ = {isa = PBXBuildFile; fileRef = 1BB66FBC2A670145001FF7CF /* AdministrationRoute.swift */; };
		1BB66FC12A670145001FF7CF /* DoseRangeType.swift in Sources */ = {isa = PBXBuildFile; fileRef = 1BB66FBD2A670145001FF7CF /* DoseRangeType.swift */; };
		1BB66FC32A67113F001FF7CF /* EverythingForOneLine.swift in Sources */ = {isa = PBXBuildFile; fileRef = 1BB66FC22A67113F001FF7CF /* EverythingForOneLine.swift */; };
		1BB66FC52A67117C001FF7CF /* RatingDrawable.swift in Sources */ = {isa = PBXBuildFile; fileRef = 1BB66FC42A67117C001FF7CF /* RatingDrawable.swift */; };
		1BB66FCB2A672788001FF7CF /* HealthKitManager.swift in Sources */ = {isa = PBXBuildFile; fileRef = 1BB66FCA2A672788001FF7CF /* HealthKitManager.swift */; };
/* End PBXBuildFile section */

/* Begin PBXContainerItemProxy section */
		1B7E4CAA2A6556B20012BEA0 /* PBXContainerItemProxy */ = {
			isa = PBXContainerItemProxy;
			containerPortal = 1B7E4C912A6556B10012BEA0 /* Project object */;
			proxyType = 1;
			remoteGlobalIDString = 1B7E4C982A6556B10012BEA0;
			remoteInfo = TimeDrugs;
		};
		1B7E4CB42A6556B20012BEA0 /* PBXContainerItemProxy */ = {
			isa = PBXContainerItemProxy;
			containerPortal = 1B7E4C912A6556B10012BEA0 /* Project object */;
			proxyType = 1;
			remoteGlobalIDString = 1B7E4C982A6556B10012BEA0;
			remoteInfo = TimeDrugs;
		};
/* End PBXContainerItemProxy section */

/* Begin PBXFileReference section */
		1B7E4C992A6556B10012BEA0 /* TimeDrugs.app */ = {isa = PBXFileReference; explicitFileType = wrapper.application; includeInIndex = 0; path = TimeDrugs.app; sourceTree = BUILT_PRODUCTS_DIR; };
		1B7E4C9C2A6556B10012BEA0 /* TimeDrugsApp.swift */ = {isa = PBXFileReference; lastKnownFileType = sourcecode.swift; path = TimeDrugsApp.swift; sourceTree = "<group>"; };
		1B7E4C9E2A6556B10012BEA0 /* ContentView.swift */ = {isa = PBXFileReference; lastKnownFileType = sourcecode.swift; path = ContentView.swift; sourceTree = "<group>"; };
		1B7E4CA02A6556B20012BEA0 /* Assets.xcassets */ = {isa = PBXFileReference; lastKnownFileType = folder.assetcatalog; path = Assets.xcassets; sourceTree = "<group>"; };
		1B7E4CA32A6556B20012BEA0 /* Preview Assets.xcassets */ = {isa = PBXFileReference; lastKnownFileType = folder.assetcatalog; path = "Preview Assets.xcassets"; sourceTree = "<group>"; };
		1B7E4CA92A6556B20012BEA0 /* TimeDrugsTests.xctest */ = {isa = PBXFileReference; explicitFileType = wrapper.cfbundle; includeInIndex = 0; path = TimeDrugsTests.xctest; sourceTree = BUILT_PRODUCTS_DIR; };
		1B7E4CAD2A6556B20012BEA0 /* TimeDrugsTests.swift */ = {isa = PBXFileReference; lastKnownFileType = sourcecode.swift; path = TimeDrugsTests.swift; sourceTree = "<group>"; };
		1B7E4CB32A6556B20012BEA0 /* TimeDrugsUITests.xctest */ = {isa = PBXFileReference; explicitFileType = wrapper.cfbundle; includeInIndex = 0; path = TimeDrugsUITests.xctest; sourceTree = BUILT_PRODUCTS_DIR; };
		1B7E4CB72A6556B20012BEA0 /* TimeDrugsUITests.swift */ = {isa = PBXFileReference; lastKnownFileType = sourcecode.swift; path = TimeDrugsUITests.swift; sourceTree = "<group>"; };
		1B7E4CB92A6556B20012BEA0 /* TimeDrugsUITestsLaunchTests.swift */ = {isa = PBXFileReference; lastKnownFileType = sourcecode.swift; path = TimeDrugsUITestsLaunchTests.swift; sourceTree = "<group>"; };
		1B7E4CCC2A657D970012BEA0 /* SubstancesHome.swift */ = {isa = PBXFileReference; lastKnownFileType = sourcecode.swift; path = SubstancesHome.swift; sourceTree = "<group>"; };
		1B7E4CDB2A65BBE30012BEA0 /* TimeDrugs.entitlements */ = {isa = PBXFileReference; lastKnownFileType = text.plist.entitlements; path = TimeDrugs.entitlements; sourceTree = "<group>"; };
		1B82AE8E2A6685EE00795CB4 /* SubstancesList.swift */ = {isa = PBXFileReference; lastKnownFileType = sourcecode.swift; path = SubstancesList.swift; sourceTree = "<group>"; };
		1B868D192A67E35B00B0CD0A /* SubstanceInfo.swift */ = {isa = PBXFileReference; lastKnownFileType = sourcecode.swift; path = SubstanceInfo.swift; sourceTree = "<group>"; };
		1B868D1B2A68263C00B0CD0A /* SubstanceQuery.graphql */ = {isa = PBXFileReference; lastKnownFileType = text; path = SubstanceQuery.graphql; sourceTree = "<group>"; };
		1B868D2E2A6A82BC00B0CD0A /* SubstanceListQuery.graphql.swift */ = {isa = PBXFileReference; fileEncoding = 4; lastKnownFileType = sourcecode.swift; path = SubstanceListQuery.graphql.swift; sourceTree = "<group>"; };
		1B868D2F2A6A82BC00B0CD0A /* SingleSubstanceQuery.graphql.swift */ = {isa = PBXFileReference; fileEncoding = 4; lastKnownFileType = sourcecode.swift; path = SingleSubstanceQuery.graphql.swift; sourceTree = "<group>"; };
		1B868D322A6A82BC00B0CD0A /* SubstanceRoa.graphql.swift */ = {isa = PBXFileReference; fileEncoding = 4; lastKnownFileType = sourcecode.swift; path = SubstanceRoa.graphql.swift; sourceTree = "<group>"; };
		1B868D332A6A82BC00B0CD0A /* SubstanceRoaDose.graphql.swift */ = {isa = PBXFileReference; fileEncoding = 4; lastKnownFileType = sourcecode.swift; path = SubstanceRoaDose.graphql.swift; sourceTree = "<group>"; };
		1B868D342A6A82BC00B0CD0A /* Substance.graphql.swift */ = {isa = PBXFileReference; fileEncoding = 4; lastKnownFileType = sourcecode.swift; path = Substance.graphql.swift; sourceTree = "<group>"; };
		1B868D352A6A82BC00B0CD0A /* Effect.graphql.swift */ = {isa = PBXFileReference; fileEncoding = 4; lastKnownFileType = sourcecode.swift; path = Effect.graphql.swift; sourceTree = "<group>"; };
		1B868D362A6A82BC00B0CD0A /* SubstanceRoaDuration.graphql.swift */ = {isa = PBXFileReference; fileEncoding = 4; lastKnownFileType = sourcecode.swift; path = SubstanceRoaDuration.graphql.swift; sourceTree = "<group>"; };
		1B868D372A6A82BC00B0CD0A /* Query.graphql.swift */ = {isa = PBXFileReference; fileEncoding = 4; lastKnownFileType = sourcecode.swift; path = Query.graphql.swift; sourceTree = "<group>"; };
		1B868D382A6A82BC00B0CD0A /* SubstanceClass.graphql.swift */ = {isa = PBXFileReference; fileEncoding = 4; lastKnownFileType = sourcecode.swift; path = SubstanceClass.graphql.swift; sourceTree = "<group>"; };
		1B868D392A6A82BC00B0CD0A /* SubstanceRoaRange.graphql.swift */ = {isa = PBXFileReference; fileEncoding = 4; lastKnownFileType = sourcecode.swift; path = SubstanceRoaRange.graphql.swift; sourceTree = "<group>"; };
		1B868D3A2A6A82BC00B0CD0A /* SubstanceRoaDurationRange.graphql.swift */ = {isa = PBXFileReference; fileEncoding = 4; lastKnownFileType = sourcecode.swift; path = SubstanceRoaDurationRange.graphql.swift; sourceTree = "<group>"; };
		1B868D3B2A6A82BC00B0CD0A /* SchemaConfiguration.swift */ = {isa = PBXFileReference; fileEncoding = 4; lastKnownFileType = sourcecode.swift; path = SchemaConfiguration.swift; sourceTree = "<group>"; };
		1B868D3C2A6A82BC00B0CD0A /* SchemaMetadata.graphql.swift */ = {isa = PBXFileReference; fileEncoding = 4; lastKnownFileType = sourcecode.swift; path = SchemaMetadata.graphql.swift; sourceTree = "<group>"; };
		1B868D3E2A6A82BC00B0CD0A /* RoaRange.graphql.swift */ = {isa = PBXFileReference; fileEncoding = 4; lastKnownFileType = sourcecode.swift; path = RoaRange.graphql.swift; sourceTree = "<group>"; };
		1B868D3F2A6A82BC00B0CD0A /* SubstanceSchema.graphql.swift */ = {isa = PBXFileReference; fileEncoding = 4; lastKnownFileType = sourcecode.swift; path = SubstanceSchema.graphql.swift; sourceTree = "<group>"; };
		1BB66E9E2A66A4FD001FF7CF /* Network.swift */ = {isa = PBXFileReference; lastKnownFileType = sourcecode.swift; path = Network.swift; sourceTree = "<group>"; };
		1BB66EA72A66AAD4001FF7CF /* apollo-codegen-config.json */ = {isa = PBXFileReference; fileEncoding = 4; lastKnownFileType = text.json; path = "apollo-codegen-config.json"; sourceTree = "<group>"; };
		1BB66EA82A66AAD4001FF7CF /* apollo-ios-cli */ = {isa = PBXFileReference; lastKnownFileType = "compiled.mach-o.executable"; path = "apollo-ios-cli"; sourceTree = "<group>"; };
		1BB66EAD2A66AE6E001FF7CF /* SubstancesQuery.graphql */ = {isa = PBXFileReference; lastKnownFileType = text; path = SubstancesQuery.graphql; sourceTree = "<group>"; };
		1BB66EC02A66D67B001FF7CF /* substances.json */ = {isa = PBXFileReference; lastKnownFileType = text.json; path = substances.json; sourceTree = "<group>"; };
		1BB66EC32A66DB8A001FF7CF /* JsonSubstance.swift */ = {isa = PBXFileReference; lastKnownFileType = sourcecode.swift; path = JsonSubstance.swift; sourceTree = "<group>"; };
		1BB66EF62A66FB1F001FF7CF /* SubstanceTimingGraph.swift */ = {isa = PBXFileReference; lastKnownFileType = sourcecode.swift; path = SubstanceTimingGraph.swift; sourceTree = "<group>"; };
		1BB66EF92A66FE7B001FF7CF /* EverythingForOneRating.swift */ = {isa = PBXFileReference; fileEncoding = 4; lastKnownFileType = sourcecode.swift; path = EverythingForOneRating.swift; sourceTree = "<group>"; };
		1BB66EFA2A66FE7B001FF7CF /* IngestionDrawable.swift */ = {isa = PBXFileReference; fileEncoding = 4; lastKnownFileType = sourcecode.swift; path = IngestionDrawable.swift; sourceTree = "<group>"; };
		1BB66EFB2A66FE7B001FF7CF /* TimelineModel.swift */ = {isa = PBXFileReference; fileEncoding = 4; lastKnownFileType = sourcecode.swift; path = TimelineModel.swift; sourceTree = "<group>"; };
		1BB66EFD2A66FE7B001FF7CF /* NoTimeline.swift */ = {isa = PBXFileReference; fileEncoding = 4; lastKnownFileType = sourcecode.swift; path = NoTimeline.swift; sourceTree = "<group>"; };
		1BB66EFE2A66FE7B001FF7CF /* OnsetComeupTotalTimeline.swift */ = {isa = PBXFileReference; fileEncoding = 4; lastKnownFileType = sourcecode.swift; path = OnsetComeupTotalTimeline.swift; sourceTree = "<group>"; };
		1BB66EFF2A66FE7B001FF7CF /* StrokeStyle-Timeline.swift */ = {isa = PBXFileReference; fileEncoding = 4; lastKnownFileType = sourcecode.swift; path = "StrokeStyle-Timeline.swift"; sourceTree = "<group>"; };
		1BB66F002A66FE7B001FF7CF /* OnsetComeupTimeline.swift */ = {isa = PBXFileReference; fileEncoding = 4; lastKnownFileType = sourcecode.swift; path = OnsetComeupTimeline.swift; sourceTree = "<group>"; };
		1BB66F012A66FE7B001FF7CF /* TimelineDrawable.swift */ = {isa = PBXFileReference; fileEncoding = 4; lastKnownFileType = sourcecode.swift; path = TimelineDrawable.swift; sourceTree = "<group>"; };
		1BB66F022A66FE7B001FF7CF /* FullTimeline.swift */ = {isa = PBXFileReference; fileEncoding = 4; lastKnownFileType = sourcecode.swift; path = FullTimeline.swift; sourceTree = "<group>"; };
		1BB66F032A66FE7B001FF7CF /* GraphicsContext-DrawDot.swift */ = {isa = PBXFileReference; fileEncoding = 4; lastKnownFileType = sourcecode.swift; path = "GraphicsContext-DrawDot.swift"; sourceTree = "<group>"; };
		1BB66F042A66FE7B001FF7CF /* TotalTimeline.swift */ = {isa = PBXFileReference; fileEncoding = 4; lastKnownFileType = sourcecode.swift; path = TotalTimeline.swift; sourceTree = "<group>"; };
		1BB66F052A66FE7B001FF7CF /* OnsetComeupPeakTotalTimeline.swift */ = {isa = PBXFileReference; fileEncoding = 4; lastKnownFileType = sourcecode.swift; path = OnsetComeupPeakTotalTimeline.swift; sourceTree = "<group>"; };
		1BB66F062A66FE7B001FF7CF /* OnsetTotalTimeline.swift */ = {isa = PBXFileReference; fileEncoding = 4; lastKnownFileType = sourcecode.swift; path = OnsetTotalTimeline.swift; sourceTree = "<group>"; };
		1BB66F072A66FE7B001FF7CF /* OnsetComeupPeakTimeline.swift */ = {isa = PBXFileReference; fileEncoding = 4; lastKnownFileType = sourcecode.swift; path = OnsetComeupPeakTimeline.swift; sourceTree = "<group>"; };
		1BB66F082A66FE7B001FF7CF /* OnsetTimeline.swift */ = {isa = PBXFileReference; fileEncoding = 4; lastKnownFileType = sourcecode.swift; path = OnsetTimeline.swift; sourceTree = "<group>"; };
		1BB66F0B2A66FE7B001FF7CF /* EffectTimeline.swift */ = {isa = PBXFileReference; fileEncoding = 4; lastKnownFileType = sourcecode.swift; path = EffectTimeline.swift; sourceTree = "<group>"; };
		1BB66F0C2A66FE7B001FF7CF /* AxisDrawable.swift */ = {isa = PBXFileReference; fileEncoding = 4; lastKnownFileType = sourcecode.swift; path = AxisDrawable.swift; sourceTree = "<group>"; };
		1BB66F212A66FED0001FF7CF /* RoaRange.swift */ = {isa = PBXFileReference; fileEncoding = 4; lastKnownFileType = sourcecode.swift; path = RoaRange.swift; sourceTree = "<group>"; };
		1BB66F262A66FED0001FF7CF /* RoaDuration.swift */ = {isa = PBXFileReference; fileEncoding = 4; lastKnownFileType = sourcecode.swift; path = RoaDuration.swift; sourceTree = "<group>"; };
		1BB66F272A66FED0001FF7CF /* DurationRange.swift */ = {isa = PBXFileReference; fileEncoding = 4; lastKnownFileType = sourcecode.swift; path = DurationRange.swift; sourceTree = "<group>"; };
		1BB66FB52A6700F3001FF7CF /* SubstanceColor.swift */ = {isa = PBXFileReference; fileEncoding = 4; lastKnownFileType = sourcecode.swift; name = SubstanceColor.swift; path = "../../../../../../Downloads/psychonautwiki-journal-ios-main/PsychonautWiki Journal/CoreDataHelpers/SubstanceColor.swift"; sourceTree = "<group>"; };
		1BB66FB72A67012B001FF7CF /* ShulginRatingOption.swift */ = {isa = PBXFileReference; fileEncoding = 4; lastKnownFileType = sourcecode.swift; path = ShulginRatingOption.swift; sourceTree = "<group>"; };
		1BB66FBA2A670145001FF7CF /* UnitPickerOptions.swift */ = {isa = PBXFileReference; fileEncoding = 4; lastKnownFileType = sourcecode.swift; path = UnitPickerOptions.swift; sourceTree = "<group>"; };
		1BB66FBB2A670145001FF7CF /* InteractionType.swift */ = {isa = PBXFileReference; fileEncoding = 4; lastKnownFileType = sourcecode.swift; path = InteractionType.swift; sourceTree = "<group>"; };
		1BB66FBC2A670145001FF7CF /* AdministrationRoute.swift */ = {isa = PBXFileReference; fileEncoding = 4; lastKnownFileType = sourcecode.swift; path = AdministrationRoute.swift; sourceTree = "<group>"; };
		1BB66FBD2A670145001FF7CF /* DoseRangeType.swift */ = {isa = PBXFileReference; fileEncoding = 4; lastKnownFileType = sourcecode.swift; path = DoseRangeType.swift; sourceTree = "<group>"; };
		1BB66FC22A67113F001FF7CF /* EverythingForOneLine.swift */ = {isa = PBXFileReference; fileEncoding = 4; lastKnownFileType = sourcecode.swift; path = EverythingForOneLine.swift; sourceTree = "<group>"; };
		1BB66FC42A67117C001FF7CF /* RatingDrawable.swift */ = {isa = PBXFileReference; fileEncoding = 4; lastKnownFileType = sourcecode.swift; path = RatingDrawable.swift; sourceTree = "<group>"; };
		1BB66FC82A672679001FF7CF /* Info.plist */ = {isa = PBXFileReference; lastKnownFileType = text.plist; path = Info.plist; sourceTree = "<group>"; };
		1BB66FCA2A672788001FF7CF /* HealthKitManager.swift */ = {isa = PBXFileReference; lastKnownFileType = sourcecode.swift; path = HealthKitManager.swift; sourceTree = "<group>"; };
/* End PBXFileReference section */

/* Begin PBXFrameworksBuildPhase section */
		1B7E4C962A6556B10012BEA0 /* Frameworks */ = {
			isa = PBXFrameworksBuildPhase;
			buildActionMask = 2147483647;
			files = (
				1B7E4CDE2A65CC820012BEA0 /* SlideOverCard in Frameworks */,
				1BB66E952A669E13001FF7CF /* Apollo in Frameworks */,
				1B7E4CD72A6593800012BEA0 /* SwiftUICharts in Frameworks */,
			);
			runOnlyForDeploymentPostprocessing = 0;
		};
		1B7E4CA62A6556B20012BEA0 /* Frameworks */ = {
			isa = PBXFrameworksBuildPhase;
			buildActionMask = 2147483647;
			files = (
			);
			runOnlyForDeploymentPostprocessing = 0;
		};
		1B7E4CB02A6556B20012BEA0 /* Frameworks */ = {
			isa = PBXFrameworksBuildPhase;
			buildActionMask = 2147483647;
			files = (
			);
			runOnlyForDeploymentPostprocessing = 0;
		};
/* End PBXFrameworksBuildPhase section */

/* Begin PBXGroup section */
		1B7E4C902A6556B10012BEA0 = {
			isa = PBXGroup;
			children = (
				1B7E4C9B2A6556B10012BEA0 /* TimeDrugs */,
				1B7E4CAC2A6556B20012BEA0 /* TimeDrugsTests */,
				1B7E4CB62A6556B20012BEA0 /* TimeDrugsUITests */,
				1B7E4C9A2A6556B10012BEA0 /* Products */,
			);
			sourceTree = "<group>";
		};
		1B7E4C9A2A6556B10012BEA0 /* Products */ = {
			isa = PBXGroup;
			children = (
				1B7E4C992A6556B10012BEA0 /* TimeDrugs.app */,
				1B7E4CA92A6556B20012BEA0 /* TimeDrugsTests.xctest */,
				1B7E4CB32A6556B20012BEA0 /* TimeDrugsUITests.xctest */,
			);
			name = Products;
			sourceTree = "<group>";
		};
		1B7E4C9B2A6556B10012BEA0 /* TimeDrugs */ = {
			isa = PBXGroup;
			children = (
				1B868D2B2A6A82BC00B0CD0A /* GraphQL */,
				1BB66FC92A672779001FF7CF /* Health */,
				1BB66FC82A672679001FF7CF /* Info.plist */,
				1BB66FB92A670145001FF7CF /* Enums */,
				1BB66FA22A670082001FF7CF /* Helpers */,
				1BB66F202A66FED0001FF7CF /* Decoding */,
				1BB66EF82A66FE7B001FF7CF /* Timeline */,
				1BB66EA72A66AAD4001FF7CF /* apollo-codegen-config.json */,
				1BB66EA82A66AAD4001FF7CF /* apollo-ios-cli */,
				1BB66E9D2A66A4EF001FF7CF /* Network */,
				1B7E4CDB2A65BBE30012BEA0 /* TimeDrugs.entitlements */,
				1B7E4CCB2A657D770012BEA0 /* Substances */,
				1B7E4C9C2A6556B10012BEA0 /* TimeDrugsApp.swift */,
				1B7E4C9E2A6556B10012BEA0 /* ContentView.swift */,
				1B7E4CA02A6556B20012BEA0 /* Assets.xcassets */,
				1B7E4CA22A6556B20012BEA0 /* Preview Content */,
			);
			path = TimeDrugs;
			sourceTree = "<group>";
		};
		1B7E4CA22A6556B20012BEA0 /* Preview Content */ = {
			isa = PBXGroup;
			children = (
				1B7E4CA32A6556B20012BEA0 /* Preview Assets.xcassets */,
			);
			path = "Preview Content";
			sourceTree = "<group>";
		};
		1B7E4CAC2A6556B20012BEA0 /* TimeDrugsTests */ = {
			isa = PBXGroup;
			children = (
				1B7E4CAD2A6556B20012BEA0 /* TimeDrugsTests.swift */,
			);
			path = TimeDrugsTests;
			sourceTree = "<group>";
		};
		1B7E4CB62A6556B20012BEA0 /* TimeDrugsUITests */ = {
			isa = PBXGroup;
			children = (
				1B7E4CB72A6556B20012BEA0 /* TimeDrugsUITests.swift */,
				1B7E4CB92A6556B20012BEA0 /* TimeDrugsUITestsLaunchTests.swift */,
			);
			path = TimeDrugsUITests;
			sourceTree = "<group>";
		};
		1B7E4CCB2A657D770012BEA0 /* Substances */ = {
			isa = PBXGroup;
			children = (
				1BB66EC22A66DB7A001FF7CF /* Models */,
				1B7E4CCC2A657D970012BEA0 /* SubstancesHome.swift */,
				1B82AE8E2A6685EE00795CB4 /* SubstancesList.swift */,
				1BB66EF62A66FB1F001FF7CF /* SubstanceTimingGraph.swift */,
				1BB66EC02A66D67B001FF7CF /* substances.json */,
				1B868D192A67E35B00B0CD0A /* SubstanceInfo.swift */,
			);
			path = Substances;
			sourceTree = "<group>";
		};
		1B868D2B2A6A82BC00B0CD0A /* GraphQL */ = {
			isa = PBXGroup;
			children = (
				1B868D2C2A6A82BC00B0CD0A /* Operations */,
				1B868D302A6A82BC00B0CD0A /* Schema */,
				1B868D3F2A6A82BC00B0CD0A /* SubstanceSchema.graphql.swift */,
			);
			path = GraphQL;
			sourceTree = "<group>";
		};
		1B868D2C2A6A82BC00B0CD0A /* Operations */ = {
			isa = PBXGroup;
			children = (
				1B868D2D2A6A82BC00B0CD0A /* Queries */,
			);
			path = Operations;
			sourceTree = "<group>";
		};
		1B868D2D2A6A82BC00B0CD0A /* Queries */ = {
			isa = PBXGroup;
			children = (
				1B868D2E2A6A82BC00B0CD0A /* SubstanceListQuery.graphql.swift */,
				1B868D2F2A6A82BC00B0CD0A /* SingleSubstanceQuery.graphql.swift */,
			);
			path = Queries;
			sourceTree = "<group>";
		};
		1B868D302A6A82BC00B0CD0A /* Schema */ = {
			isa = PBXGroup;
			children = (
				1B868D312A6A82BC00B0CD0A /* Objects */,
				1B868D3B2A6A82BC00B0CD0A /* SchemaConfiguration.swift */,
				1B868D3C2A6A82BC00B0CD0A /* SchemaMetadata.graphql.swift */,
				1B868D3D2A6A82BC00B0CD0A /* Interfaces */,
			);
			path = Schema;
			sourceTree = "<group>";
		};
		1B868D312A6A82BC00B0CD0A /* Objects */ = {
			isa = PBXGroup;
			children = (
				1B868D322A6A82BC00B0CD0A /* SubstanceRoa.graphql.swift */,
				1B868D332A6A82BC00B0CD0A /* SubstanceRoaDose.graphql.swift */,
				1B868D342A6A82BC00B0CD0A /* Substance.graphql.swift */,
				1B868D352A6A82BC00B0CD0A /* Effect.graphql.swift */,
				1B868D362A6A82BC00B0CD0A /* SubstanceRoaDuration.graphql.swift */,
				1B868D372A6A82BC00B0CD0A /* Query.graphql.swift */,
				1B868D382A6A82BC00B0CD0A /* SubstanceClass.graphql.swift */,
				1B868D392A6A82BC00B0CD0A /* SubstanceRoaRange.graphql.swift */,
				1B868D3A2A6A82BC00B0CD0A /* SubstanceRoaDurationRange.graphql.swift */,
			);
			path = Objects;
			sourceTree = "<group>";
		};
		1B868D3D2A6A82BC00B0CD0A /* Interfaces */ = {
			isa = PBXGroup;
			children = (
				1B868D3E2A6A82BC00B0CD0A /* RoaRange.graphql.swift */,
			);
			path = Interfaces;
			sourceTree = "<group>";
		};
		1BB66E9D2A66A4EF001FF7CF /* Network */ = {
			isa = PBXGroup;
			children = (
				1BB66EAC2A66AE59001FF7CF /* Operations */,
				1BB66E9E2A66A4FD001FF7CF /* Network.swift */,
			);
			path = Network;
			sourceTree = "<group>";
		};
		1BB66EAC2A66AE59001FF7CF /* Operations */ = {
			isa = PBXGroup;
			children = (
				1BB66EAD2A66AE6E001FF7CF /* SubstancesQuery.graphql */,
				1B868D1B2A68263C00B0CD0A /* SubstanceQuery.graphql */,
			);
			path = Operations;
			sourceTree = "<group>";
		};
		1BB66EC22A66DB7A001FF7CF /* Models */ = {
			isa = PBXGroup;
			children = (
				1BB66EC32A66DB8A001FF7CF /* JsonSubstance.swift */,
			);
			path = Models;
			sourceTree = "<group>";
		};
		1BB66EF82A66FE7B001FF7CF /* Timeline */ = {
			isa = PBXGroup;
			children = (
				1BB66FC42A67117C001FF7CF /* RatingDrawable.swift */,
				1BB66FC22A67113F001FF7CF /* EverythingForOneLine.swift */,
				1BB66EF92A66FE7B001FF7CF /* EverythingForOneRating.swift */,
				1BB66EFA2A66FE7B001FF7CF /* IngestionDrawable.swift */,
				1BB66EFB2A66FE7B001FF7CF /* TimelineModel.swift */,
				1BB66EFC2A66FE7B001FF7CF /* Drawables */,
				1BB66F0B2A66FE7B001FF7CF /* EffectTimeline.swift */,
				1BB66F0C2A66FE7B001FF7CF /* AxisDrawable.swift */,
			);
			path = Timeline;
			sourceTree = "<group>";
		};
		1BB66EFC2A66FE7B001FF7CF /* Drawables */ = {
			isa = PBXGroup;
			children = (
				1BB66EFD2A66FE7B001FF7CF /* NoTimeline.swift */,
				1BB66EFE2A66FE7B001FF7CF /* OnsetComeupTotalTimeline.swift */,
				1BB66EFF2A66FE7B001FF7CF /* StrokeStyle-Timeline.swift */,
				1BB66F002A66FE7B001FF7CF /* OnsetComeupTimeline.swift */,
				1BB66F012A66FE7B001FF7CF /* TimelineDrawable.swift */,
				1BB66F022A66FE7B001FF7CF /* FullTimeline.swift */,
				1BB66F032A66FE7B001FF7CF /* GraphicsContext-DrawDot.swift */,
				1BB66F042A66FE7B001FF7CF /* TotalTimeline.swift */,
				1BB66F052A66FE7B001FF7CF /* OnsetComeupPeakTotalTimeline.swift */,
				1BB66F062A66FE7B001FF7CF /* OnsetTotalTimeline.swift */,
				1BB66F072A66FE7B001FF7CF /* OnsetComeupPeakTimeline.swift */,
				1BB66F082A66FE7B001FF7CF /* OnsetTimeline.swift */,
			);
			path = Drawables;
			sourceTree = "<group>";
		};
		1BB66F202A66FED0001FF7CF /* Decoding */ = {
			isa = PBXGroup;
			children = (
				1BB66F212A66FED0001FF7CF /* RoaRange.swift */,
				1BB66F262A66FED0001FF7CF /* RoaDuration.swift */,
				1BB66F272A66FED0001FF7CF /* DurationRange.swift */,
			);
			path = Decoding;
			sourceTree = "<group>";
		};
		1BB66FA22A670082001FF7CF /* Helpers */ = {
			isa = PBXGroup;
			children = (
				1BB66FB72A67012B001FF7CF /* ShulginRatingOption.swift */,
				1BB66FB52A6700F3001FF7CF /* SubstanceColor.swift */,
			);
			path = Helpers;
			sourceTree = "<group>";
		};
		1BB66FB92A670145001FF7CF /* Enums */ = {
			isa = PBXGroup;
			children = (
				1BB66FBA2A670145001FF7CF /* UnitPickerOptions.swift */,
				1BB66FBB2A670145001FF7CF /* InteractionType.swift */,
				1BB66FBC2A670145001FF7CF /* AdministrationRoute.swift */,
				1BB66FBD2A670145001FF7CF /* DoseRangeType.swift */,
			);
			path = Enums;
			sourceTree = "<group>";
		};
		1BB66FC92A672779001FF7CF /* Health */ = {
			isa = PBXGroup;
			children = (
				1BB66FCA2A672788001FF7CF /* HealthKitManager.swift */,
			);
			path = Health;
			sourceTree = "<group>";
		};
/* End PBXGroup section */

/* Begin PBXNativeTarget section */
		1B7E4C982A6556B10012BEA0 /* TimeDrugs */ = {
			isa = PBXNativeTarget;
			buildConfigurationList = 1B7E4CBD2A6556B20012BEA0 /* Build configuration list for PBXNativeTarget "TimeDrugs" */;
			buildPhases = (
				1B7E4C952A6556B10012BEA0 /* Sources */,
				1B7E4C962A6556B10012BEA0 /* Frameworks */,
				1B7E4C972A6556B10012BEA0 /* Resources */,
			);
			buildRules = (
			);
			dependencies = (
			);
			name = TimeDrugs;
			packageProductDependencies = (
				1B7E4CD62A6593800012BEA0 /* SwiftUICharts */,
				1B7E4CDD2A65CC820012BEA0 /* SlideOverCard */,
				1BB66E942A669E13001FF7CF /* Apollo */,
			);
			productName = TimeDrugs;
			productReference = 1B7E4C992A6556B10012BEA0 /* TimeDrugs.app */;
			productType = "com.apple.product-type.application";
		};
		1B7E4CA82A6556B20012BEA0 /* TimeDrugsTests */ = {
			isa = PBXNativeTarget;
			buildConfigurationList = 1B7E4CC02A6556B20012BEA0 /* Build configuration list for PBXNativeTarget "TimeDrugsTests" */;
			buildPhases = (
				1B7E4CA52A6556B20012BEA0 /* Sources */,
				1B7E4CA62A6556B20012BEA0 /* Frameworks */,
				1B7E4CA72A6556B20012BEA0 /* Resources */,
			);
			buildRules = (
			);
			dependencies = (
				1B7E4CAB2A6556B20012BEA0 /* PBXTargetDependency */,
			);
			name = TimeDrugsTests;
			productName = TimeDrugsTests;
			productReference = 1B7E4CA92A6556B20012BEA0 /* TimeDrugsTests.xctest */;
			productType = "com.apple.product-type.bundle.unit-test";
		};
		1B7E4CB22A6556B20012BEA0 /* TimeDrugsUITests */ = {
			isa = PBXNativeTarget;
			buildConfigurationList = 1B7E4CC32A6556B20012BEA0 /* Build configuration list for PBXNativeTarget "TimeDrugsUITests" */;
			buildPhases = (
				1B7E4CAF2A6556B20012BEA0 /* Sources */,
				1B7E4CB02A6556B20012BEA0 /* Frameworks */,
				1B7E4CB12A6556B20012BEA0 /* Resources */,
			);
			buildRules = (
			);
			dependencies = (
				1B7E4CB52A6556B20012BEA0 /* PBXTargetDependency */,
			);
			name = TimeDrugsUITests;
			productName = TimeDrugsUITests;
			productReference = 1B7E4CB32A6556B20012BEA0 /* TimeDrugsUITests.xctest */;
			productType = "com.apple.product-type.bundle.ui-testing";
		};
/* End PBXNativeTarget section */

/* Begin PBXProject section */
		1B7E4C912A6556B10012BEA0 /* Project object */ = {
			isa = PBXProject;
			attributes = {
				BuildIndependentTargetsInParallel = 1;
				LastSwiftUpdateCheck = 1430;
				LastUpgradeCheck = 1430;
				TargetAttributes = {
					1B7E4C982A6556B10012BEA0 = {
						CreatedOnToolsVersion = 14.3.1;
					};
					1B7E4CA82A6556B20012BEA0 = {
						CreatedOnToolsVersion = 14.3.1;
						TestTargetID = 1B7E4C982A6556B10012BEA0;
					};
					1B7E4CB22A6556B20012BEA0 = {
						CreatedOnToolsVersion = 14.3.1;
						TestTargetID = 1B7E4C982A6556B10012BEA0;
					};
				};
			};
			buildConfigurationList = 1B7E4C942A6556B10012BEA0 /* Build configuration list for PBXProject "TimeDrugs" */;
			compatibilityVersion = "Xcode 14.0";
			developmentRegion = en;
			hasScannedForEncodings = 0;
			knownRegions = (
				en,
				Base,
			);
			mainGroup = 1B7E4C902A6556B10012BEA0;
			packageReferences = (
				1B7E4CD52A6593800012BEA0 /* XCRemoteSwiftPackageReference "SwiftUICharts" */,
				1B7E4CDC2A65CC820012BEA0 /* XCRemoteSwiftPackageReference "SlideOverCard" */,
				1BB66E932A669E13001FF7CF /* XCRemoteSwiftPackageReference "apollo-ios" */,
			);
			productRefGroup = 1B7E4C9A2A6556B10012BEA0 /* Products */;
			projectDirPath = "";
			projectRoot = "";
			targets = (
				1B7E4C982A6556B10012BEA0 /* TimeDrugs */,
				1B7E4CA82A6556B20012BEA0 /* TimeDrugsTests */,
				1B7E4CB22A6556B20012BEA0 /* TimeDrugsUITests */,
			);
		};
/* End PBXProject section */

/* Begin PBXResourcesBuildPhase section */
		1B7E4C972A6556B10012BEA0 /* Resources */ = {
			isa = PBXResourcesBuildPhase;
			buildActionMask = 2147483647;
			files = (
				1BB66EC12A66D67B001FF7CF /* substances.json in Resources */,
				1B7E4CA42A6556B20012BEA0 /* Preview Assets.xcassets in Resources */,
				1B868D1C2A68263C00B0CD0A /* SubstanceQuery.graphql in Resources */,
				1BB66EAB2A66AAD4001FF7CF /* apollo-ios-cli in Resources */,
				1BB66EAA2A66AAD4001FF7CF /* apollo-codegen-config.json in Resources */,
				1B7E4CA12A6556B20012BEA0 /* Assets.xcassets in Resources */,
				1BB66EAE2A66AE6E001FF7CF /* SubstancesQuery.graphql in Resources */,
			);
			runOnlyForDeploymentPostprocessing = 0;
		};
		1B7E4CA72A6556B20012BEA0 /* Resources */ = {
			isa = PBXResourcesBuildPhase;
			buildActionMask = 2147483647;
			files = (
			);
			runOnlyForDeploymentPostprocessing = 0;
		};
		1B7E4CB12A6556B20012BEA0 /* Resources */ = {
			isa = PBXResourcesBuildPhase;
			buildActionMask = 2147483647;
			files = (
			);
			runOnlyForDeploymentPostprocessing = 0;
		};
/* End PBXResourcesBuildPhase section */

/* Begin PBXSourcesBuildPhase section */
		1B7E4C952A6556B10012BEA0 /* Sources */ = {
			isa = PBXSourcesBuildPhase;
			buildActionMask = 2147483647;
			files = (
				1BB66F312A66FED0001FF7CF /* RoaDuration.swift in Sources */,
				1BB66FBE2A670145001FF7CF /* UnitPickerOptions.swift in Sources */,
				1BB66EF72A66FB1F001FF7CF /* SubstanceTimingGraph.swift in Sources */,
				1B868D412A6A82BC00B0CD0A /* SingleSubstanceQuery.graphql.swift in Sources */,
				1BB66EC42A66DB8A001FF7CF /* JsonSubstance.swift in Sources */,
				1BB66F1F2A66FE7B001FF7CF /* AxisDrawable.swift in Sources */,
				1B868D462A6A82BC00B0CD0A /* SubstanceRoaDuration.graphql.swift in Sources */,
				1BB66FB82A67012B001FF7CF /* ShulginRatingOption.swift in Sources */,
				1B868D442A6A82BC00B0CD0A /* Substance.graphql.swift in Sources */,
				1BB66F102A66FE7B001FF7CF /* NoTimeline.swift in Sources */,
				1BB66F112A66FE7B001FF7CF /* OnsetComeupTotalTimeline.swift in Sources */,
				1B868D452A6A82BC00B0CD0A /* Effect.graphql.swift in Sources */,
				1B868D4A2A6A82BC00B0CD0A /* SubstanceRoaDurationRange.graphql.swift in Sources */,
				1B868D492A6A82BC00B0CD0A /* SubstanceRoaRange.graphql.swift in Sources */,
				1B868D4E2A6A82BC00B0CD0A /* SubstanceSchema.graphql.swift in Sources */,
				1BB66E9F2A66A4FD001FF7CF /* Network.swift in Sources */,
				1BB66F0F2A66FE7B001FF7CF /* TimelineModel.swift in Sources */,
				1B7E4C9F2A6556B10012BEA0 /* ContentView.swift in Sources */,
				1BB66FBF2A670145001FF7CF /* InteractionType.swift in Sources */,
				1BB66F1B2A66FE7B001FF7CF /* OnsetTimeline.swift in Sources */,
				1BB66FB62A6700F3001FF7CF /* SubstanceColor.swift in Sources */,
				1B868D482A6A82BC00B0CD0A /* SubstanceClass.graphql.swift in Sources */,
				1B868D402A6A82BC00B0CD0A /* SubstanceListQuery.graphql.swift in Sources */,
				1BB66FC12A670145001FF7CF /* DoseRangeType.swift in Sources */,
				1B7E4CCD2A657D970012BEA0 /* SubstancesHome.swift in Sources */,
				1BB66F162A66FE7B001FF7CF /* GraphicsContext-DrawDot.swift in Sources */,
				1BB66F0D2A66FE7B001FF7CF /* EverythingForOneRating.swift in Sources */,
				1B868D4D2A6A82BC00B0CD0A /* RoaRange.graphql.swift in Sources */,
				1BB66F0E2A66FE7B001FF7CF /* IngestionDrawable.swift in Sources */,
				1BB66F132A66FE7B001FF7CF /* OnsetComeupTimeline.swift in Sources */,
				1BB66FC32A67113F001FF7CF /* EverythingForOneLine.swift in Sources */,
				1BB66F1A2A66FE7B001FF7CF /* OnsetComeupPeakTimeline.swift in Sources */,
				1BB66FCB2A672788001FF7CF /* HealthKitManager.swift in Sources */,
				1B868D432A6A82BC00B0CD0A /* SubstanceRoaDose.graphql.swift in Sources */,
				1B82AE8F2A6685EE00795CB4 /* SubstancesList.swift in Sources */,
				1BB66F142A66FE7B001FF7CF /* TimelineDrawable.swift in Sources */,
				1BB66F2C2A66FED0001FF7CF /* RoaRange.swift in Sources */,
				1BB66F172A66FE7B001FF7CF /* TotalTimeline.swift in Sources */,
				1BB66F182A66FE7B001FF7CF /* OnsetComeupPeakTotalTimeline.swift in Sources */,
				1BB66F192A66FE7B001FF7CF /* OnsetTotalTimeline.swift in Sources */,
				1B868D4C2A6A82BC00B0CD0A /* SchemaMetadata.graphql.swift in Sources */,
				1B7E4C9D2A6556B10012BEA0 /* TimeDrugsApp.swift in Sources */,
				1B868D4B2A6A82BC00B0CD0A /* SchemaConfiguration.swift in Sources */,
				1BB66F122A66FE7B001FF7CF /* StrokeStyle-Timeline.swift in Sources */,
				1B868D472A6A82BC00B0CD0A /* Query.graphql.swift in Sources */,
				1BB66FC02A670145001FF7CF /* AdministrationRoute.swift in Sources */,
				1BB66FC52A67117C001FF7CF /* RatingDrawable.swift in Sources */,
				1BB66F322A66FED0001FF7CF /* DurationRange.swift in Sources */,
				1B868D422A6A82BC00B0CD0A /* SubstanceRoa.graphql.swift in Sources */,
				1BB66F152A66FE7B001FF7CF /* FullTimeline.swift in Sources */,
				1BB66F1E2A66FE7B001FF7CF /* EffectTimeline.swift in Sources */,
				1B868D1A2A67E35B00B0CD0A /* SubstanceInfo.swift in Sources */,
			);
			runOnlyForDeploymentPostprocessing = 0;
		};
		1B7E4CA52A6556B20012BEA0 /* Sources */ = {
			isa = PBXSourcesBuildPhase;
			buildActionMask = 2147483647;
			files = (
				1B7E4CAE2A6556B20012BEA0 /* TimeDrugsTests.swift in Sources */,
			);
			runOnlyForDeploymentPostprocessing = 0;
		};
		1B7E4CAF2A6556B20012BEA0 /* Sources */ = {
			isa = PBXSourcesBuildPhase;
			buildActionMask = 2147483647;
			files = (
				1B7E4CB82A6556B20012BEA0 /* TimeDrugsUITests.swift in Sources */,
				1B7E4CBA2A6556B20012BEA0 /* TimeDrugsUITestsLaunchTests.swift in Sources */,
			);
			runOnlyForDeploymentPostprocessing = 0;
		};
/* End PBXSourcesBuildPhase section */

/* Begin PBXTargetDependency section */
		1B7E4CAB2A6556B20012BEA0 /* PBXTargetDependency */ = {
			isa = PBXTargetDependency;
			target = 1B7E4C982A6556B10012BEA0 /* TimeDrugs */;
			targetProxy = 1B7E4CAA2A6556B20012BEA0 /* PBXContainerItemProxy */;
		};
		1B7E4CB52A6556B20012BEA0 /* PBXTargetDependency */ = {
			isa = PBXTargetDependency;
			target = 1B7E4C982A6556B10012BEA0 /* TimeDrugs */;
			targetProxy = 1B7E4CB42A6556B20012BEA0 /* PBXContainerItemProxy */;
		};
/* End PBXTargetDependency section */

/* Begin XCBuildConfiguration section */
		1B7E4CBB2A6556B20012BEA0 /* Debug */ = {
			isa = XCBuildConfiguration;
			buildSettings = {
				ALWAYS_SEARCH_USER_PATHS = NO;
				CLANG_ANALYZER_NONNULL = YES;
				CLANG_ANALYZER_NUMBER_OBJECT_CONVERSION = YES_AGGRESSIVE;
				CLANG_CXX_LANGUAGE_STANDARD = "gnu++20";
				CLANG_ENABLE_MODULES = YES;
				CLANG_ENABLE_OBJC_ARC = YES;
				CLANG_ENABLE_OBJC_WEAK = YES;
				CLANG_WARN_BLOCK_CAPTURE_AUTORELEASING = YES;
				CLANG_WARN_BOOL_CONVERSION = YES;
				CLANG_WARN_COMMA = YES;
				CLANG_WARN_CONSTANT_CONVERSION = YES;
				CLANG_WARN_DEPRECATED_OBJC_IMPLEMENTATIONS = YES;
				CLANG_WARN_DIRECT_OBJC_ISA_USAGE = YES_ERROR;
				CLANG_WARN_DOCUMENTATION_COMMENTS = YES;
				CLANG_WARN_EMPTY_BODY = YES;
				CLANG_WARN_ENUM_CONVERSION = YES;
				CLANG_WARN_INFINITE_RECURSION = YES;
				CLANG_WARN_INT_CONVERSION = YES;
				CLANG_WARN_NON_LITERAL_NULL_CONVERSION = YES;
				CLANG_WARN_OBJC_IMPLICIT_RETAIN_SELF = YES;
				CLANG_WARN_OBJC_LITERAL_CONVERSION = YES;
				CLANG_WARN_OBJC_ROOT_CLASS = YES_ERROR;
				CLANG_WARN_QUOTED_INCLUDE_IN_FRAMEWORK_HEADER = YES;
				CLANG_WARN_RANGE_LOOP_ANALYSIS = YES;
				CLANG_WARN_STRICT_PROTOTYPES = YES;
				CLANG_WARN_SUSPICIOUS_MOVE = YES;
				CLANG_WARN_UNGUARDED_AVAILABILITY = YES_AGGRESSIVE;
				CLANG_WARN_UNREACHABLE_CODE = YES;
				CLANG_WARN__DUPLICATE_METHOD_MATCH = YES;
				COPY_PHASE_STRIP = NO;
				DEBUG_INFORMATION_FORMAT = dwarf;
				ENABLE_STRICT_OBJC_MSGSEND = YES;
				ENABLE_TESTABILITY = YES;
				GCC_C_LANGUAGE_STANDARD = gnu11;
				GCC_DYNAMIC_NO_PIC = NO;
				GCC_NO_COMMON_BLOCKS = YES;
				GCC_OPTIMIZATION_LEVEL = 0;
				GCC_PREPROCESSOR_DEFINITIONS = (
					"DEBUG=1",
					"$(inherited)",
				);
				GCC_WARN_64_TO_32_BIT_CONVERSION = YES;
				GCC_WARN_ABOUT_RETURN_TYPE = YES_ERROR;
				GCC_WARN_UNDECLARED_SELECTOR = YES;
				GCC_WARN_UNINITIALIZED_AUTOS = YES_AGGRESSIVE;
				GCC_WARN_UNUSED_FUNCTION = YES;
				GCC_WARN_UNUSED_VARIABLE = YES;
				IPHONEOS_DEPLOYMENT_TARGET = 16.0;
				MTL_ENABLE_DEBUG_INFO = INCLUDE_SOURCE;
				MTL_FAST_MATH = YES;
				ONLY_ACTIVE_ARCH = YES;
				SDKROOT = iphoneos;
				SWIFT_ACTIVE_COMPILATION_CONDITIONS = DEBUG;
				SWIFT_OPTIMIZATION_LEVEL = "-Onone";
			};
			name = Debug;
		};
		1B7E4CBC2A6556B20012BEA0 /* Release */ = {
			isa = XCBuildConfiguration;
			buildSettings = {
				ALWAYS_SEARCH_USER_PATHS = NO;
				CLANG_ANALYZER_NONNULL = YES;
				CLANG_ANALYZER_NUMBER_OBJECT_CONVERSION = YES_AGGRESSIVE;
				CLANG_CXX_LANGUAGE_STANDARD = "gnu++20";
				CLANG_ENABLE_MODULES = YES;
				CLANG_ENABLE_OBJC_ARC = YES;
				CLANG_ENABLE_OBJC_WEAK = YES;
				CLANG_WARN_BLOCK_CAPTURE_AUTORELEASING = YES;
				CLANG_WARN_BOOL_CONVERSION = YES;
				CLANG_WARN_COMMA = YES;
				CLANG_WARN_CONSTANT_CONVERSION = YES;
				CLANG_WARN_DEPRECATED_OBJC_IMPLEMENTATIONS = YES;
				CLANG_WARN_DIRECT_OBJC_ISA_USAGE = YES_ERROR;
				CLANG_WARN_DOCUMENTATION_COMMENTS = YES;
				CLANG_WARN_EMPTY_BODY = YES;
				CLANG_WARN_ENUM_CONVERSION = YES;
				CLANG_WARN_INFINITE_RECURSION = YES;
				CLANG_WARN_INT_CONVERSION = YES;
				CLANG_WARN_NON_LITERAL_NULL_CONVERSION = YES;
				CLANG_WARN_OBJC_IMPLICIT_RETAIN_SELF = YES;
				CLANG_WARN_OBJC_LITERAL_CONVERSION = YES;
				CLANG_WARN_OBJC_ROOT_CLASS = YES_ERROR;
				CLANG_WARN_QUOTED_INCLUDE_IN_FRAMEWORK_HEADER = YES;
				CLANG_WARN_RANGE_LOOP_ANALYSIS = YES;
				CLANG_WARN_STRICT_PROTOTYPES = YES;
				CLANG_WARN_SUSPICIOUS_MOVE = YES;
				CLANG_WARN_UNGUARDED_AVAILABILITY = YES_AGGRESSIVE;
				CLANG_WARN_UNREACHABLE_CODE = YES;
				CLANG_WARN__DUPLICATE_METHOD_MATCH = YES;
				COPY_PHASE_STRIP = NO;
				DEBUG_INFORMATION_FORMAT = "dwarf-with-dsym";
				ENABLE_NS_ASSERTIONS = NO;
				ENABLE_STRICT_OBJC_MSGSEND = YES;
				GCC_C_LANGUAGE_STANDARD = gnu11;
				GCC_NO_COMMON_BLOCKS = YES;
				GCC_WARN_64_TO_32_BIT_CONVERSION = YES;
				GCC_WARN_ABOUT_RETURN_TYPE = YES_ERROR;
				GCC_WARN_UNDECLARED_SELECTOR = YES;
				GCC_WARN_UNINITIALIZED_AUTOS = YES_AGGRESSIVE;
				GCC_WARN_UNUSED_FUNCTION = YES;
				GCC_WARN_UNUSED_VARIABLE = YES;
				IPHONEOS_DEPLOYMENT_TARGET = 16.0;
				MTL_ENABLE_DEBUG_INFO = NO;
				MTL_FAST_MATH = YES;
				SDKROOT = iphoneos;
				SWIFT_COMPILATION_MODE = wholemodule;
				SWIFT_OPTIMIZATION_LEVEL = "-O";
				VALIDATE_PRODUCT = YES;
			};
			name = Release;
		};
		1B7E4CBE2A6556B20012BEA0 /* Debug */ = {
			isa = XCBuildConfiguration;
			buildSettings = {
				ASSETCATALOG_COMPILER_APPICON_NAME = AppIcon;
				ASSETCATALOG_COMPILER_GLOBAL_ACCENT_COLOR_NAME = AccentColor;
				CODE_SIGN_ENTITLEMENTS = TimeDrugs/TimeDrugs.entitlements;
				CODE_SIGN_IDENTITY = "Apple Development";
				CODE_SIGN_STYLE = Automatic;
				CURRENT_PROJECT_VERSION = 1;
				DEVELOPMENT_ASSET_PATHS = "\"TimeDrugs/Preview Content\"";
				DEVELOPMENT_TEAM = BS49Z8AJ8U;
				ENABLE_PREVIEWS = YES;
				GENERATE_INFOPLIST_FILE = YES;
				INFOPLIST_FILE = TimeDrugs/Info.plist;
				INFOPLIST_KEY_CFBundleDisplayName = TimeDrugs;
				INFOPLIST_KEY_LSApplicationCategoryType = "public.app-category.healthcare-fitness";
				INFOPLIST_KEY_NSHealthClinicalHealthRecordsShareUsageDescription = "Need it for drugs";
				INFOPLIST_KEY_NSHealthShareUsageDescription = "Need it for drugs";
				INFOPLIST_KEY_NSHealthUpdateUsageDescription = "Need it for drugs";
				INFOPLIST_KEY_UIApplicationSceneManifest_Generation = YES;
				INFOPLIST_KEY_UIApplicationSupportsIndirectInputEvents = YES;
				INFOPLIST_KEY_UILaunchScreen_Generation = YES;
				INFOPLIST_KEY_UISupportedInterfaceOrientations_iPad = "UIInterfaceOrientationPortrait UIInterfaceOrientationPortraitUpsideDown UIInterfaceOrientationLandscapeLeft UIInterfaceOrientationLandscapeRight";
				INFOPLIST_KEY_UISupportedInterfaceOrientations_iPhone = "UIInterfaceOrientationPortrait UIInterfaceOrientationLandscapeLeft UIInterfaceOrientationLandscapeRight";
				IPHONEOS_DEPLOYMENT_TARGET = 16.0;
				LD_RUNPATH_SEARCH_PATHS = (
					"$(inherited)",
					"@executable_path/Frameworks",
				);
				MARKETING_VERSION = 1.0;
				PRODUCT_BUNDLE_IDENTIFIER = me.vandinteren.TimeDrugs;
				PRODUCT_NAME = "$(TARGET_NAME)";
				PROVISIONING_PROFILE_SPECIFIER = "";
				SWIFT_EMIT_LOC_STRINGS = YES;
				SWIFT_VERSION = 5.0;
				TARGETED_DEVICE_FAMILY = "1,2";
			};
			name = Debug;
		};
		1B7E4CBF2A6556B20012BEA0 /* Release */ = {
			isa = XCBuildConfiguration;
			buildSettings = {
				ASSETCATALOG_COMPILER_APPICON_NAME = AppIcon;
				ASSETCATALOG_COMPILER_GLOBAL_ACCENT_COLOR_NAME = AccentColor;
				CODE_SIGN_ENTITLEMENTS = TimeDrugs/TimeDrugs.entitlements;
				CODE_SIGN_IDENTITY = "Apple Development";
				CODE_SIGN_STYLE = Automatic;
				CURRENT_PROJECT_VERSION = 1;
				DEVELOPMENT_ASSET_PATHS = "\"TimeDrugs/Preview Content\"";
				DEVELOPMENT_TEAM = BS49Z8AJ8U;
				ENABLE_PREVIEWS = YES;
				GENERATE_INFOPLIST_FILE = YES;
				INFOPLIST_FILE = TimeDrugs/Info.plist;
				INFOPLIST_KEY_CFBundleDisplayName = TimeDrugs;
				INFOPLIST_KEY_LSApplicationCategoryType = "public.app-category.healthcare-fitness";
				INFOPLIST_KEY_NSHealthClinicalHealthRecordsShareUsageDescription = "Need it for drugs";
				INFOPLIST_KEY_NSHealthShareUsageDescription = "Need it for drugs";
				INFOPLIST_KEY_NSHealthUpdateUsageDescription = "Need it for drugs";
				INFOPLIST_KEY_UIApplicationSceneManifest_Generation = YES;
				INFOPLIST_KEY_UIApplicationSupportsIndirectInputEvents = YES;
				INFOPLIST_KEY_UILaunchScreen_Generation = YES;
				INFOPLIST_KEY_UISupportedInterfaceOrientations_iPad = "UIInterfaceOrientationPortrait UIInterfaceOrientationPortraitUpsideDown UIInterfaceOrientationLandscapeLeft UIInterfaceOrientationLandscapeRight";
				INFOPLIST_KEY_UISupportedInterfaceOrientations_iPhone = "UIInterfaceOrientationPortrait UIInterfaceOrientationLandscapeLeft UIInterfaceOrientationLandscapeRight";
				IPHONEOS_DEPLOYMENT_TARGET = 16.0;
				LD_RUNPATH_SEARCH_PATHS = (
					"$(inherited)",
					"@executable_path/Frameworks",
				);
				MARKETING_VERSION = 1.0;
				PRODUCT_BUNDLE_IDENTIFIER = me.vandinteren.TimeDrugs;
				PRODUCT_NAME = "$(TARGET_NAME)";
				PROVISIONING_PROFILE_SPECIFIER = "";
				SWIFT_EMIT_LOC_STRINGS = YES;
				SWIFT_VERSION = 5.0;
				TARGETED_DEVICE_FAMILY = "1,2";
			};
			name = Release;
		};
		1B7E4CC12A6556B20012BEA0 /* Debug */ = {
			isa = XCBuildConfiguration;
			buildSettings = {
				ALWAYS_EMBED_SWIFT_STANDARD_LIBRARIES = YES;
				BUNDLE_LOADER = "$(TEST_HOST)";
				CODE_SIGN_STYLE = Automatic;
				CURRENT_PROJECT_VERSION = 1;
				DEVELOPMENT_TEAM = BS49Z8AJ8U;
				GENERATE_INFOPLIST_FILE = YES;
				IPHONEOS_DEPLOYMENT_TARGET = 16.4;
				MARKETING_VERSION = 1.0;
				PRODUCT_BUNDLE_IDENTIFIER = me.vandinteren.TimeDrugsTests;
				PRODUCT_NAME = "$(TARGET_NAME)";
				SWIFT_EMIT_LOC_STRINGS = NO;
				SWIFT_VERSION = 5.0;
				TARGETED_DEVICE_FAMILY = "1,2";
				TEST_HOST = "$(BUILT_PRODUCTS_DIR)/TimeDrugs.app/$(BUNDLE_EXECUTABLE_FOLDER_PATH)/TimeDrugs";
			};
			name = Debug;
		};
		1B7E4CC22A6556B20012BEA0 /* Release */ = {
			isa = XCBuildConfiguration;
			buildSettings = {
				ALWAYS_EMBED_SWIFT_STANDARD_LIBRARIES = YES;
				BUNDLE_LOADER = "$(TEST_HOST)";
				CODE_SIGN_STYLE = Automatic;
				CURRENT_PROJECT_VERSION = 1;
				DEVELOPMENT_TEAM = BS49Z8AJ8U;
				GENERATE_INFOPLIST_FILE = YES;
				IPHONEOS_DEPLOYMENT_TARGET = 16.4;
				MARKETING_VERSION = 1.0;
				PRODUCT_BUNDLE_IDENTIFIER = me.vandinteren.TimeDrugsTests;
				PRODUCT_NAME = "$(TARGET_NAME)";
				SWIFT_EMIT_LOC_STRINGS = NO;
				SWIFT_VERSION = 5.0;
				TARGETED_DEVICE_FAMILY = "1,2";
				TEST_HOST = "$(BUILT_PRODUCTS_DIR)/TimeDrugs.app/$(BUNDLE_EXECUTABLE_FOLDER_PATH)/TimeDrugs";
			};
			name = Release;
		};
		1B7E4CC42A6556B20012BEA0 /* Debug */ = {
			isa = XCBuildConfiguration;
			buildSettings = {
				ALWAYS_EMBED_SWIFT_STANDARD_LIBRARIES = YES;
				CODE_SIGN_STYLE = Automatic;
				CURRENT_PROJECT_VERSION = 1;
				DEVELOPMENT_TEAM = BS49Z8AJ8U;
				GENERATE_INFOPLIST_FILE = YES;
				MARKETING_VERSION = 1.0;
				PRODUCT_BUNDLE_IDENTIFIER = me.vandinteren.TimeDrugsUITests;
				PRODUCT_NAME = "$(TARGET_NAME)";
				SWIFT_EMIT_LOC_STRINGS = NO;
				SWIFT_VERSION = 5.0;
				TARGETED_DEVICE_FAMILY = "1,2";
				TEST_TARGET_NAME = TimeDrugs;
			};
			name = Debug;
		};
		1B7E4CC52A6556B20012BEA0 /* Release */ = {
			isa = XCBuildConfiguration;
			buildSettings = {
				ALWAYS_EMBED_SWIFT_STANDARD_LIBRARIES = YES;
				CODE_SIGN_STYLE = Automatic;
				CURRENT_PROJECT_VERSION = 1;
				DEVELOPMENT_TEAM = BS49Z8AJ8U;
				GENERATE_INFOPLIST_FILE = YES;
				MARKETING_VERSION = 1.0;
				PRODUCT_BUNDLE_IDENTIFIER = me.vandinteren.TimeDrugsUITests;
				PRODUCT_NAME = "$(TARGET_NAME)";
				SWIFT_EMIT_LOC_STRINGS = NO;
				SWIFT_VERSION = 5.0;
				TARGETED_DEVICE_FAMILY = "1,2";
				TEST_TARGET_NAME = TimeDrugs;
			};
			name = Release;
		};
/* End XCBuildConfiguration section */

/* Begin XCConfigurationList section */
		1B7E4C942A6556B10012BEA0 /* Build configuration list for PBXProject "TimeDrugs" */ = {
			isa = XCConfigurationList;
			buildConfigurations = (
				1B7E4CBB2A6556B20012BEA0 /* Debug */,
				1B7E4CBC2A6556B20012BEA0 /* Release */,
			);
			defaultConfigurationIsVisible = 0;
			defaultConfigurationName = Release;
		};
		1B7E4CBD2A6556B20012BEA0 /* Build configuration list for PBXNativeTarget "TimeDrugs" */ = {
			isa = XCConfigurationList;
			buildConfigurations = (
				1B7E4CBE2A6556B20012BEA0 /* Debug */,
				1B7E4CBF2A6556B20012BEA0 /* Release */,
			);
			defaultConfigurationIsVisible = 0;
			defaultConfigurationName = Release;
		};
		1B7E4CC02A6556B20012BEA0 /* Build configuration list for PBXNativeTarget "TimeDrugsTests" */ = {
			isa = XCConfigurationList;
			buildConfigurations = (
				1B7E4CC12A6556B20012BEA0 /* Debug */,
				1B7E4CC22A6556B20012BEA0 /* Release */,
			);
			defaultConfigurationIsVisible = 0;
			defaultConfigurationName = Release;
		};
		1B7E4CC32A6556B20012BEA0 /* Build configuration list for PBXNativeTarget "TimeDrugsUITests" */ = {
			isa = XCConfigurationList;
			buildConfigurations = (
				1B7E4CC42A6556B20012BEA0 /* Debug */,
				1B7E4CC52A6556B20012BEA0 /* Release */,
			);
			defaultConfigurationIsVisible = 0;
			defaultConfigurationName = Release;
		};
/* End XCConfigurationList section */

/* Begin XCRemoteSwiftPackageReference section */
		1B7E4CD52A6593800012BEA0 /* XCRemoteSwiftPackageReference "SwiftUICharts" */ = {
			isa = XCRemoteSwiftPackageReference;
			repositoryURL = "https://github.com/mecid/SwiftUICharts";
			requirement = {
				kind = upToNextMajorVersion;
				minimumVersion = 0.8.3;
			};
		};
		1B7E4CDC2A65CC820012BEA0 /* XCRemoteSwiftPackageReference "SlideOverCard" */ = {
			isa = XCRemoteSwiftPackageReference;
			repositoryURL = "https://github.com/joogps/SlideOverCard";
			requirement = {
				kind = upToNextMajorVersion;
				minimumVersion = 2.0.0;
			};
		};
		1BB66E932A669E13001FF7CF /* XCRemoteSwiftPackageReference "apollo-ios" */ = {
			isa = XCRemoteSwiftPackageReference;
			repositoryURL = "https://github.com/apollographql/apollo-ios";
			requirement = {
				kind = upToNextMinorVersion;
				minimumVersion = 1.3.0;
			};
		};
/* End XCRemoteSwiftPackageReference section */

/* Begin XCSwiftPackageProductDependency section */
		1B7E4CD62A6593800012BEA0 /* SwiftUICharts */ = {
			isa = XCSwiftPackageProductDependency;
			package = 1B7E4CD52A6593800012BEA0 /* XCRemoteSwiftPackageReference "SwiftUICharts" */;
			productName = SwiftUICharts;
		};
		1B7E4CDD2A65CC820012BEA0 /* SlideOverCard */ = {
			isa = XCSwiftPackageProductDependency;
			package = 1B7E4CDC2A65CC820012BEA0 /* XCRemoteSwiftPackageReference "SlideOverCard" */;
			productName = SlideOverCard;
		};
		1BB66E942A669E13001FF7CF /* Apollo */ = {
			isa = XCSwiftPackageProductDependency;
			package = 1BB66E932A669E13001FF7CF /* XCRemoteSwiftPackageReference "apollo-ios" */;
			productName = Apollo;
		};
/* End XCSwiftPackageProductDependency section */
	};
	rootObject = 1B7E4C912A6556B10012BEA0 /* Project object */;
}
